
Microsoft Visual Studio Solution File, Format Version 12.00
# Visual Studio Version 17
VisualStudioVersion = 17.5.33530.505
MinimumVisualStudioVersion = 10.0.40219.1
Project("{FAE04EC0-301F-11D3-BF4B-00C04F79EFBC}") = "WSUniversalLib", "WSUniversalLib\WSUniversalLib.csproj", "{DEA041EC-F29E-43A6-BC9B-D1C78C2BC620}"
EndProject
Project("{FAE04EC0-301F-11D3-BF4B-00C04F79EFBC}") = "WSUniversalLib.Tests", "WSUniversalLib.Tests\WSUniversalLib.Tests.csproj", "{1D889087-2B6D-4331-B8CC-F1DF7E22A784}"
EndProject
Global
	GlobalSection(SolutionConfigurationPlatforms) = preSolution
		Debug|Any CPU = Debug|Any CPU
		Release|Any CPU = Release|Any CPU
	EndGlobalSection
	GlobalSection(ProjectConfigurationPlatforms) = postSolution
		{DEA041EC-F29E-43A6-BC9B-D1C78C2BC620}.Debug|Any CPU.ActiveCfg = Debug|Any CPU
		{DEA041EC-F29E-43A6-BC9B-D1C78C2BC620}.Debug|Any CPU.Build.0 = Debug|Any CPU
		{DEA041EC-F29E-43A6-BC9B-D1C78C2BC620}.Release|Any CPU.ActiveCfg = Release|Any CPU
		{DEA041EC-F29E-43A6-BC9B-D1C78C2BC620}.Release|Any CPU.Build.0 = Release|Any CPU
		{1D889087-2B6D-4331-B8CC-F1DF7E22A784}.Debug|Any CPU.ActiveCfg = Debug|Any CPU
		{1D889087-2B6D-4331-B8CC-F1DF7E22A784}.Debug|Any CPU.Build.0 = Debug|Any CPU
		{1D889087-2B6D-4331-B8CC-F1DF7E22A784}.Release|Any CPU.ActiveCfg = Release|Any CPU
		{1D889087-2B6D-4331-B8CC-F1DF7E22A784}.Release|Any CPU.Build.0 = Release|Any CPU
	EndGlobalSection
	GlobalSection(SolutionProperties) = preSolution
		HideSolutionNode = FALSE
	EndGlobalSection
	GlobalSection(ExtensibilityGlobals) = postSolution
		SolutionGuid = {12391CAE-D595-4F50-B60D-1C6E6124C52F}
	EndGlobalSection
EndGlobal
